// !$*UTF8*$!
{
	archiveVersion = 1;
	classes = {
	};
	objectVersion = 50;
	objects = {

/* Begin PBXBuildFile section */
		231AB43A23A9988E00C68241 /* ExerciseStruct.swift in Sources */ = {isa = PBXBuildFile; fileRef = 231AB43923A9988E00C68241 /* ExerciseStruct.swift */; };
		231AB43C23A9997F00C68241 /* ImageRequest.swift in Sources */ = {isa = PBXBuildFile; fileRef = 231AB43B23A9997F00C68241 /* ImageRequest.swift */; };
		231AB43F23A99A8D00C68241 /* Data.swift in Sources */ = {isa = PBXBuildFile; fileRef = 231AB43E23A99A8D00C68241 /* Data.swift */; };
		231AB44223A99BC100C68241 /* exerciseData.json in Resources */ = {isa = PBXBuildFile; fileRef = 231AB44123A99BC100C68241 /* exerciseData.json */; };
		2373304423A81BDE00D743DA /* AppDelegate.swift in Sources */ = {isa = PBXBuildFile; fileRef = 2373304323A81BDE00D743DA /* AppDelegate.swift */; };
		2373304623A81BDE00D743DA /* SceneDelegate.swift in Sources */ = {isa = PBXBuildFile; fileRef = 2373304523A81BDE00D743DA /* SceneDelegate.swift */; };
		2373304923A81BDE00D743DA /* Gainz.xcdatamodeld in Sources */ = {isa = PBXBuildFile; fileRef = 2373304723A81BDE00D743DA /* Gainz.xcdatamodeld */; };
		2373304B23A81BDE00D743DA /* ContentView.swift in Sources */ = {isa = PBXBuildFile; fileRef = 2373304A23A81BDE00D743DA /* ContentView.swift */; };
		2373304D23A81BF700D743DA /* Assets.xcassets in Resources */ = {isa = PBXBuildFile; fileRef = 2373304C23A81BF700D743DA /* Assets.xcassets */; };
		2373305023A81BF700D743DA /* Preview Assets.xcassets in Resources */ = {isa = PBXBuildFile; fileRef = 2373304F23A81BF700D743DA /* Preview Assets.xcassets */; };
		2373305323A81BF700D743DA /* LaunchScreen.storyboard in Resources */ = {isa = PBXBuildFile; fileRef = 2373305123A81BF700D743DA /* LaunchScreen.storyboard */; };
		2373305D23A83B2C00D743DA /* GoalsView.swift in Sources */ = {isa = PBXBuildFile; fileRef = 2373305C23A83B2C00D743DA /* GoalsView.swift */; };
		2373305F23A83B4600D743DA /* RoutineView.swift in Sources */ = {isa = PBXBuildFile; fileRef = 2373305E23A83B4600D743DA /* RoutineView.swift */; };
		2373306123A83B6400D743DA /* WorkoutView.swift in Sources */ = {isa = PBXBuildFile; fileRef = 2373306023A83B6400D743DA /* WorkoutView.swift */; };
		2373306323A83B7F00D743DA /* ProgressView.swift in Sources */ = {isa = PBXBuildFile; fileRef = 2373306223A83B7F00D743DA /* ProgressView.swift */; };
		2373306523A83BC100D743DA /* TabbedStruct.swift in Sources */ = {isa = PBXBuildFile; fileRef = 2373306423A83BC100D743DA /* TabbedStruct.swift */; };
/* End PBXBuildFile section */

/* Begin PBXFileReference section */
		231AB43923A9988E00C68241 /* ExerciseStruct.swift */ = {isa = PBXFileReference; lastKnownFileType = sourcecode.swift; path = ExerciseStruct.swift; sourceTree = "<group>"; };
		231AB43B23A9997F00C68241 /* ImageRequest.swift */ = {isa = PBXFileReference; lastKnownFileType = sourcecode.swift; path = ImageRequest.swift; sourceTree = "<group>"; };
		231AB43E23A99A8D00C68241 /* Data.swift */ = {isa = PBXFileReference; lastKnownFileType = sourcecode.swift; path = Data.swift; sourceTree = "<group>"; };
		231AB44123A99BC100C68241 /* exerciseData.json */ = {isa = PBXFileReference; fileEncoding = 4; lastKnownFileType = text.json; path = exerciseData.json; sourceTree = "<group>"; };
		2373304023A81BDE00D743DA /* Gainz.app */ = {isa = PBXFileReference; explicitFileType = wrapper.application; includeInIndex = 0; path = Gainz.app; sourceTree = BUILT_PRODUCTS_DIR; };
		2373304323A81BDE00D743DA /* AppDelegate.swift */ = {isa = PBXFileReference; lastKnownFileType = sourcecode.swift; path = AppDelegate.swift; sourceTree = "<group>"; };
		2373304523A81BDE00D743DA /* SceneDelegate.swift */ = {isa = PBXFileReference; lastKnownFileType = sourcecode.swift; path = SceneDelegate.swift; sourceTree = "<group>"; };
		2373304823A81BDE00D743DA /* Gainz.xcdatamodel */ = {isa = PBXFileReference; lastKnownFileType = wrapper.xcdatamodel; path = Gainz.xcdatamodel; sourceTree = "<group>"; };
		2373304A23A81BDE00D743DA /* ContentView.swift */ = {isa = PBXFileReference; lastKnownFileType = sourcecode.swift; path = ContentView.swift; sourceTree = "<group>"; };
		2373304C23A81BF700D743DA /* Assets.xcassets */ = {isa = PBXFileReference; lastKnownFileType = folder.assetcatalog; path = Assets.xcassets; sourceTree = "<group>"; };
		2373304F23A81BF700D743DA /* Preview Assets.xcassets */ = {isa = PBXFileReference; lastKnownFileType = folder.assetcatalog; path = "Preview Assets.xcassets"; sourceTree = "<group>"; };
		2373305223A81BF700D743DA /* Base */ = {isa = PBXFileReference; lastKnownFileType = file.storyboard; name = Base; path = Base.lproj/LaunchScreen.storyboard; sourceTree = "<group>"; };
		2373305423A81BF700D743DA /* Info.plist */ = {isa = PBXFileReference; lastKnownFileType = text.plist.xml; path = Info.plist; sourceTree = "<group>"; };
		2373305C23A83B2C00D743DA /* GoalsView.swift */ = {isa = PBXFileReference; lastKnownFileType = sourcecode.swift; path = GoalsView.swift; sourceTree = "<group>"; };
		2373305E23A83B4600D743DA /* RoutineView.swift */ = {isa = PBXFileReference; lastKnownFileType = sourcecode.swift; path = RoutineView.swift; sourceTree = "<group>"; };
		2373306023A83B6400D743DA /* WorkoutView.swift */ = {isa = PBXFileReference; lastKnownFileType = sourcecode.swift; path = WorkoutView.swift; sourceTree = "<group>"; };
		2373306223A83B7F00D743DA /* ProgressView.swift */ = {isa = PBXFileReference; lastKnownFileType = sourcecode.swift; path = ProgressView.swift; sourceTree = "<group>"; };
		2373306423A83BC100D743DA /* TabbedStruct.swift */ = {isa = PBXFileReference; lastKnownFileType = sourcecode.swift; path = TabbedStruct.swift; sourceTree = "<group>"; };
/* End PBXFileReference section */

/* Begin PBXFrameworksBuildPhase section */
		2373303D23A81BDE00D743DA /* Frameworks */ = {
			isa = PBXFrameworksBuildPhase;
			buildActionMask = 2147483647;
			files = (
			);
			runOnlyForDeploymentPostprocessing = 0;
		};
/* End PBXFrameworksBuildPhase section */

/* Begin PBXGroup section */
		231AB43623A86DDE00C68241 /* Child Views */ = {
			isa = PBXGroup;
			children = (
				2373305E23A83B4600D743DA /* RoutineView.swift */,
				2373306023A83B6400D743DA /* WorkoutView.swift */,
				2373306223A83B7F00D743DA /* ProgressView.swift */,
				2373305C23A83B2C00D743DA /* GoalsView.swift */,
			);
			path = "Child Views";
			sourceTree = "<group>";
		};
		231AB43D23A99A3900C68241 /* Models */ = {
			isa = PBXGroup;
			children = (
				231AB43B23A9997F00C68241 /* ImageRequest.swift */,
				231AB43E23A99A8D00C68241 /* Data.swift */,
				231AB43923A9988E00C68241 /* ExerciseStruct.swift */,
			);
			path = Models;
			sourceTree = "<group>";
		};
		231AB44023A99AE800C68241 /* Resources */ = {
			isa = PBXGroup;
			children = (
				231AB44123A99BC100C68241 /* exerciseData.json */,
			);
			path = Resources;
			sourceTree = "<group>";
		};
		2373303723A81BDE00D743DA = {
			isa = PBXGroup;
			children = (
				2373304223A81BDE00D743DA /* Gainz */,
				2373304123A81BDE00D743DA /* Products */,
			);
			sourceTree = "<group>";
		};
		2373304123A81BDE00D743DA /* Products */ = {
			isa = PBXGroup;
			children = (
				2373304023A81BDE00D743DA /* Gainz.app */,
			);
			name = Products;
			sourceTree = "<group>";
		};
		2373304223A81BDE00D743DA /* Gainz */ = {
			isa = PBXGroup;
			children = (
				2373304323A81BDE00D743DA /* AppDelegate.swift */,
				2373304523A81BDE00D743DA /* SceneDelegate.swift */,
				231AB43D23A99A3900C68241 /* Models */,
				2373304A23A81BDE00D743DA /* ContentView.swift */,
				231AB43623A86DDE00C68241 /* Child Views */,
				2373306423A83BC100D743DA /* TabbedStruct.swift */,
				2373304C23A81BF700D743DA /* Assets.xcassets */,
				231AB44023A99AE800C68241 /* Resources */,
				2373305123A81BF700D743DA /* LaunchScreen.storyboard */,
				2373305423A81BF700D743DA /* Info.plist */,
				2373304723A81BDE00D743DA /* Gainz.xcdatamodeld */,
				2373304E23A81BF700D743DA /* Preview Content */,
			);
			path = Gainz;
			sourceTree = "<group>";
		};
		2373304E23A81BF700D743DA /* Preview Content */ = {
			isa = PBXGroup;
			children = (
				2373304F23A81BF700D743DA /* Preview Assets.xcassets */,
			);
			path = "Preview Content";
			sourceTree = "<group>";
		};
/* End PBXGroup section */

/* Begin PBXNativeTarget section */
		2373303F23A81BDE00D743DA /* Gainz */ = {
			isa = PBXNativeTarget;
			buildConfigurationList = 2373305723A81BF700D743DA /* Build configuration list for PBXNativeTarget "Gainz" */;
			buildPhases = (
				2373303C23A81BDE00D743DA /* Sources */,
				2373303D23A81BDE00D743DA /* Frameworks */,
				2373303E23A81BDE00D743DA /* Resources */,
			);
			buildRules = (
			);
			dependencies = (
			);
			name = Gainz;
			productName = Gainz;
			productReference = 2373304023A81BDE00D743DA /* Gainz.app */;
			productType = "com.apple.product-type.application";
		};
/* End PBXNativeTarget section */

/* Begin PBXProject section */
		2373303823A81BDE00D743DA /* Project object */ = {
			isa = PBXProject;
			attributes = {
				LastSwiftUpdateCheck = 1130;
				LastUpgradeCheck = 1130;
				ORGANIZATIONNAME = "Chris Saechao";
				TargetAttributes = {
					2373303F23A81BDE00D743DA = {
						CreatedOnToolsVersion = 11.3;
					};
				};
			};
			buildConfigurationList = 2373303B23A81BDE00D743DA /* Build configuration list for PBXProject "Gainz" */;
			compatibilityVersion = "Xcode 9.3";
			developmentRegion = en;
			hasScannedForEncodings = 0;
			knownRegions = (
				en,
				Base,
			);
			mainGroup = 2373303723A81BDE00D743DA;
			productRefGroup = 2373304123A81BDE00D743DA /* Products */;
			projectDirPath = "";
			projectRoot = "";
			targets = (
				2373303F23A81BDE00D743DA /* Gainz */,
			);
		};
/* End PBXProject section */

/* Begin PBXResourcesBuildPhase section */
		2373303E23A81BDE00D743DA /* Resources */ = {
			isa = PBXResourcesBuildPhase;
			buildActionMask = 2147483647;
			files = (
				2373305323A81BF700D743DA /* LaunchScreen.storyboard in Resources */,
				2373305023A81BF700D743DA /* Preview Assets.xcassets in Resources */,
				2373304D23A81BF700D743DA /* Assets.xcassets in Resources */,
				231AB44223A99BC100C68241 /* exerciseData.json in Resources */,
			);
			runOnlyForDeploymentPostprocessing = 0;
		};
/* End PBXResourcesBuildPhase section */

/* Begin PBXSourcesBuildPhase section */
		2373303C23A81BDE00D743DA /* Sources */ = {
			isa = PBXSourcesBuildPhase;
			buildActionMask = 2147483647;
			files = (
				2373306523A83BC100D743DA /* TabbedStruct.swift in Sources */,
				231AB43C23A9997F00C68241 /* ImageRequest.swift in Sources */,
				2373304923A81BDE00D743DA /* Gainz.xcdatamodeld in Sources */,
				2373306123A83B6400D743DA /* WorkoutView.swift in Sources */,
				2373304423A81BDE00D743DA /* AppDelegate.swift in Sources */,
				2373305D23A83B2C00D743DA /* GoalsView.swift in Sources */,
				2373305F23A83B4600D743DA /* RoutineView.swift in Sources */,
				231AB43F23A99A8D00C68241 /* Data.swift in Sources */,
				2373304B23A81BDE00D743DA /* ContentView.swift in Sources */,
				2373304623A81BDE00D743DA /* SceneDelegate.swift in Sources */,
				231AB43A23A9988E00C68241 /* ExerciseStruct.swift in Sources */,
				2373306323A83B7F00D743DA /* ProgressView.swift in Sources */,
			);
			runOnlyForDeploymentPostprocessing = 0;
		};
/* End PBXSourcesBuildPhase section */

/* Begin PBXVariantGroup section */
		2373305123A81BF700D743DA /* LaunchScreen.storyboard */ = {
			isa = PBXVariantGroup;
			children = (
				2373305223A81BF700D743DA /* Base */,
			);
			name = LaunchScreen.storyboard;
			sourceTree = "<group>";
		};
/* End PBXVariantGroup section */

/* Begin XCBuildConfiguration section */
		2373305523A81BF700D743DA /* Debug */ = {
			isa = XCBuildConfiguration;
			buildSettings = {
				ALWAYS_SEARCH_USER_PATHS = NO;
				CLANG_ANALYZER_NONNULL = YES;
				CLANG_ANALYZER_NUMBER_OBJECT_CONVERSION = YES_AGGRESSIVE;
				CLANG_CXX_LANGUAGE_STANDARD = "gnu++14";
				CLANG_CXX_LIBRARY = "libc++";
				CLANG_ENABLE_MODULES = YES;
				CLANG_ENABLE_OBJC_ARC = YES;
				CLANG_ENABLE_OBJC_WEAK = YES;
				CLANG_WARN_BLOCK_CAPTURE_AUTORELEASING = YES;
				CLANG_WARN_BOOL_CONVERSION = YES;
				CLANG_WARN_COMMA = YES;
				CLANG_WARN_CONSTANT_CONVERSION = YES;
				CLANG_WARN_DEPRECATED_OBJC_IMPLEMENTATIONS = YES;
				CLANG_WARN_DIRECT_OBJC_ISA_USAGE = YES_ERROR;
				CLANG_WARN_DOCUMENTATION_COMMENTS = YES;
				CLANG_WARN_EMPTY_BODY = YES;
				CLANG_WARN_ENUM_CONVERSION = YES;
				CLANG_WARN_INFINITE_RECURSION = YES;
				CLANG_WARN_INT_CONVERSION = YES;
				CLANG_WARN_NON_LITERAL_NULL_CONVERSION = YES;
				CLANG_WARN_OBJC_IMPLICIT_RETAIN_SELF = YES;
				CLANG_WARN_OBJC_LITERAL_CONVERSION = YES;
				CLANG_WARN_OBJC_ROOT_CLASS = YES_ERROR;
				CLANG_WARN_RANGE_LOOP_ANALYSIS = YES;
				CLANG_WARN_STRICT_PROTOTYPES = YES;
				CLANG_WARN_SUSPICIOUS_MOVE = YES;
				CLANG_WARN_UNGUARDED_AVAILABILITY = YES_AGGRESSIVE;
				CLANG_WARN_UNREACHABLE_CODE = YES;
				CLANG_WARN__DUPLICATE_METHOD_MATCH = YES;
				COPY_PHASE_STRIP = NO;
				DEBUG_INFORMATION_FORMAT = dwarf;
				ENABLE_STRICT_OBJC_MSGSEND = YES;
				ENABLE_TESTABILITY = YES;
				GCC_C_LANGUAGE_STANDARD = gnu11;
				GCC_DYNAMIC_NO_PIC = NO;
				GCC_NO_COMMON_BLOCKS = YES;
				GCC_OPTIMIZATION_LEVEL = 0;
				GCC_PREPROCESSOR_DEFINITIONS = (
					"DEBUG=1",
					"$(inherited)",
				);
				GCC_WARN_64_TO_32_BIT_CONVERSION = YES;
				GCC_WARN_ABOUT_RETURN_TYPE = YES_ERROR;
				GCC_WARN_UNDECLARED_SELECTOR = YES;
				GCC_WARN_UNINITIALIZED_AUTOS = YES_AGGRESSIVE;
				GCC_WARN_UNUSED_FUNCTION = YES;
				GCC_WARN_UNUSED_VARIABLE = YES;
				IPHONEOS_DEPLOYMENT_TARGET = 13.2;
				MTL_ENABLE_DEBUG_INFO = INCLUDE_SOURCE;
				MTL_FAST_MATH = YES;
				ONLY_ACTIVE_ARCH = YES;
				SDKROOT = iphoneos;
				SWIFT_ACTIVE_COMPILATION_CONDITIONS = DEBUG;
				SWIFT_OPTIMIZATION_LEVEL = "-Onone";
			};
			name = Debug;
		};
		2373305623A81BF700D743DA /* Release */ = {
			isa = XCBuildConfiguration;
			buildSettings = {
				ALWAYS_SEARCH_USER_PATHS = NO;
				CLANG_ANALYZER_NONNULL = YES;
				CLANG_ANALYZER_NUMBER_OBJECT_CONVERSION = YES_AGGRESSIVE;
				CLANG_CXX_LANGUAGE_STANDARD = "gnu++14";
				CLANG_CXX_LIBRARY = "libc++";
				CLANG_ENABLE_MODULES = YES;
				CLANG_ENABLE_OBJC_ARC = YES;
				CLANG_ENABLE_OBJC_WEAK = YES;
				CLANG_WARN_BLOCK_CAPTURE_AUTORELEASING = YES;
				CLANG_WARN_BOOL_CONVERSION = YES;
				CLANG_WARN_COMMA = YES;
				CLANG_WARN_CONSTANT_CONVERSION = YES;
				CLANG_WARN_DEPRECATED_OBJC_IMPLEMENTATIONS = YES;
				CLANG_WARN_DIRECT_OBJC_ISA_USAGE = YES_ERROR;
				CLANG_WARN_DOCUMENTATION_COMMENTS = YES;
				CLANG_WARN_EMPTY_BODY = YES;
				CLANG_WARN_ENUM_CONVERSION = YES;
				CLANG_WARN_INFINITE_RECURSION = YES;
				CLANG_WARN_INT_CONVERSION = YES;
				CLANG_WARN_NON_LITERAL_NULL_CONVERSION = YES;
				CLANG_WARN_OBJC_IMPLICIT_RETAIN_SELF = YES;
				CLANG_WARN_OBJC_LITERAL_CONVERSION = YES;
				CLANG_WARN_OBJC_ROOT_CLASS = YES_ERROR;
				CLANG_WARN_RANGE_LOOP_ANALYSIS = YES;
				CLANG_WARN_STRICT_PROTOTYPES = YES;
				CLANG_WARN_SUSPICIOUS_MOVE = YES;
				CLANG_WARN_UNGUARDED_AVAILABILITY = YES_AGGRESSIVE;
				CLANG_WARN_UNREACHABLE_CODE = YES;
				CLANG_WARN__DUPLICATE_METHOD_MATCH = YES;
				COPY_PHASE_STRIP = NO;
				DEBUG_INFORMATION_FORMAT = "dwarf-with-dsym";
				ENABLE_NS_ASSERTIONS = NO;
				ENABLE_STRICT_OBJC_MSGSEND = YES;
				GCC_C_LANGUAGE_STANDARD = gnu11;
				GCC_NO_COMMON_BLOCKS = YES;
				GCC_WARN_64_TO_32_BIT_CONVERSION = YES;
				GCC_WARN_ABOUT_RETURN_TYPE = YES_ERROR;
				GCC_WARN_UNDECLARED_SELECTOR = YES;
				GCC_WARN_UNINITIALIZED_AUTOS = YES_AGGRESSIVE;
				GCC_WARN_UNUSED_FUNCTION = YES;
				GCC_WARN_UNUSED_VARIABLE = YES;
				IPHONEOS_DEPLOYMENT_TARGET = 13.2;
				MTL_ENABLE_DEBUG_INFO = NO;
				MTL_FAST_MATH = YES;
				SDKROOT = iphoneos;
				SWIFT_COMPILATION_MODE = wholemodule;
				SWIFT_OPTIMIZATION_LEVEL = "-O";
				VALIDATE_PRODUCT = YES;
			};
			name = Release;
		};
		2373305823A81BF700D743DA /* Debug */ = {
			isa = XCBuildConfiguration;
			buildSettings = {
				ASSETCATALOG_COMPILER_APPICON_NAME = AppIcon;
				CODE_SIGN_STYLE = Automatic;
				DEVELOPMENT_ASSET_PATHS = "\"Gainz/Preview Content\"";
				ENABLE_PREVIEWS = YES;
				INFOPLIST_FILE = Gainz/Info.plist;
				LD_RUNPATH_SEARCH_PATHS = (
					"$(inherited)",
					"@executable_path/Frameworks",
				);
				PRODUCT_BUNDLE_IDENTIFIER = "Chris-Saechao.Gainz";
				PRODUCT_NAME = "$(TARGET_NAME)";
				SWIFT_VERSION = 5.0;
				TARGETED_DEVICE_FAMILY = "1,2";
			};
			name = Debug;
		};
		2373305923A81BF700D743DA /* Release */ = {
			isa = XCBuildConfiguration;
			buildSettings = {
				ASSETCATALOG_COMPILER_APPICON_NAME = AppIcon;
				CODE_SIGN_STYLE = Automatic;
				DEVELOPMENT_ASSET_PATHS = "\"Gainz/Preview Content\"";
				ENABLE_PREVIEWS = YES;
				INFOPLIST_FILE = Gainz/Info.plist;
				LD_RUNPATH_SEARCH_PATHS = (
					"$(inherited)",
					"@executable_path/Frameworks",
				);
				PRODUCT_BUNDLE_IDENTIFIER = "Chris-Saechao.Gainz";
				PRODUCT_NAME = "$(TARGET_NAME)";
				SWIFT_VERSION = 5.0;
				TARGETED_DEVICE_FAMILY = "1,2";
			};
			name = Release;
		};
/* End XCBuildConfiguration section */

/* Begin XCConfigurationList section */
		2373303B23A81BDE00D743DA /* Build configuration list for PBXProject "Gainz" */ = {
			isa = XCConfigurationList;
			buildConfigurations = (
				2373305523A81BF700D743DA /* Debug */,
				2373305623A81BF700D743DA /* Release */,
			);
			defaultConfigurationIsVisible = 0;
			defaultConfigurationName = Release;
		};
		2373305723A81BF700D743DA /* Build configuration list for PBXNativeTarget "Gainz" */ = {
			isa = XCConfigurationList;
			buildConfigurations = (
				2373305823A81BF700D743DA /* Debug */,
				2373305923A81BF700D743DA /* Release */,
			);
			defaultConfigurationIsVisible = 0;
			defaultConfigurationName = Release;
		};
/* End XCConfigurationList section */

/* Begin XCVersionGroup section */
		2373304723A81BDE00D743DA /* Gainz.xcdatamodeld */ = {
			isa = XCVersionGroup;
			children = (
				2373304823A81BDE00D743DA /* Gainz.xcdatamodel */,
			);
			currentVersion = 2373304823A81BDE00D743DA /* Gainz.xcdatamodel */;
			path = Gainz.xcdatamodeld;
			sourceTree = "<group>";
			versionGroupType = wrapper.xcdatamodel;
		};
/* End XCVersionGroup section */
	};
	rootObject = 2373303823A81BDE00D743DA /* Project object */;
}
